// !$*UTF8*$!
{
	archiveVersion = 1;
	classes = {
	};
	objectVersion = 50;
	objects = {

/* Begin PBXBuildFile section */
		EA0636122545312300719E9C /* planetHardPress.mov in Resources */ = {isa = PBXBuildFile; fileRef = EA0636112545312300719E9C /* planetHardPress.mov */; };
		EA06361A2545329F00719E9C /* planetSettings.mov in Resources */ = {isa = PBXBuildFile; fileRef = EA0636192545329F00719E9C /* planetSettings.mov */; };
		EA06363A25456CD100719E9C /* main_MenuTitle.mp3 in Resources */ = {isa = PBXBuildFile; fileRef = EA06363925456CD100719E9C /* main_MenuTitle.mp3 */; };
		EA06364025456F3F00719E9C /* main_MenuButton.mp3 in Resources */ = {isa = PBXBuildFile; fileRef = EA06363F25456F3F00719E9C /* main_MenuButton.mp3 */; };
		EA2BCCA425180317007A13F5 /* Constants.swift in Sources */ = {isa = PBXBuildFile; fileRef = EA2BCCA325180317007A13F5 /* Constants.swift */; };
		EA40E9B0252ADFFF00726425 /* PlanetDetails.swift in Sources */ = {isa = PBXBuildFile; fileRef = EA40E9AF252ADFFF00726425 /* PlanetDetails.swift */; };
		EA4328262539F4E600BCD31F /* MenuBezelView.swift in Sources */ = {isa = PBXBuildFile; fileRef = EA4328252539F4E600BCD31F /* MenuBezelView.swift */; };
		EA43288C253CC9B900BCD31F /* AudioManager.swift in Sources */ = {isa = PBXBuildFile; fileRef = EA43288B253CC9B800BCD31F /* AudioManager.swift */; };
		EA4328D0253E021F00BCD31F /* main_DetailsOpen.mp3 in Resources */ = {isa = PBXBuildFile; fileRef = EA4328CF253E021F00BCD31F /* main_DetailsOpen.mp3 */; };
		EA4328D9253E099100BCD31F /* main_VenusSurface.mp3 in Resources */ = {isa = PBXBuildFile; fileRef = EA4328D8253E099100BCD31F /* main_VenusSurface.mp3 */; };
		EA4328DD253E09CB00BCD31F /* main_Pinch.mp3 in Resources */ = {isa = PBXBuildFile; fileRef = EA4328DC253E09CB00BCD31F /* main_Pinch.mp3 */; };
		EA4328E5253E0A5300BCD31F /* main_PlanetARiumMusic0.mp3 in Resources */ = {isa = PBXBuildFile; fileRef = EA4328E4253E0A5300BCD31F /* main_PlanetARiumMusic0.mp3 */; };
		EA4328E9253E0A9300BCD31F /* main_PlanetARiumOpen.mp3 in Resources */ = {isa = PBXBuildFile; fileRef = EA4328E8253E0A9300BCD31F /* main_PlanetARiumOpen.mp3 */; };
		EA4328ED253E0AC800BCD31F /* main_SettingsCollapse.mp3 in Resources */ = {isa = PBXBuildFile; fileRef = EA4328EC253E0AC800BCD31F /* main_SettingsCollapse.mp3 */; };
		EA4328F9253E0BC100BCD31F /* main_ButtonPress.mp3 in Resources */ = {isa = PBXBuildFile; fileRef = EA4328F8253E0BC100BCD31F /* main_ButtonPress.mp3 */; };
		EA4328FF253E100000BCD31F /* main_SettingsExpand.mp3 in Resources */ = {isa = PBXBuildFile; fileRef = EA4328FE253E100000BCD31F /* main_SettingsExpand.mp3 */; };
		EA43290F253E567A00BCD31F /* main_LaunchButton.mp3 in Resources */ = {isa = PBXBuildFile; fileRef = EA43290E253E567A00BCD31F /* main_LaunchButton.mp3 */; };
		EA432914253E574E00BCD31F /* main_MenuScreen.mp3 in Resources */ = {isa = PBXBuildFile; fileRef = EA432913253E574E00BCD31F /* main_MenuScreen.mp3 */; };
		EA432932253F70E900BCD31F /* planetPinch.mov in Resources */ = {isa = PBXBuildFile; fileRef = EA432930253F70E900BCD31F /* planetPinch.mov */; };
		EA43293F253FAF7300BCD31F /* Prime-Regular.otf in Resources */ = {isa = PBXBuildFile; fileRef = EA43293D253FAF7300BCD31F /* Prime-Regular.otf */; };
		EA432940253FAF7300BCD31F /* Prime-Light.otf in Resources */ = {isa = PBXBuildFile; fileRef = EA43293E253FAF7300BCD31F /* Prime-Light.otf */; };
		EA43294A253FAF8E00BCD31F /* PantonDemo-Light.otf in Resources */ = {isa = PBXBuildFile; fileRef = EA432942253FAF8D00BCD31F /* PantonDemo-Light.otf */; };
		EA43294B253FAF8E00BCD31F /* PantonNarrowDemo-Light.otf in Resources */ = {isa = PBXBuildFile; fileRef = EA432943253FAF8D00BCD31F /* PantonNarrowDemo-Light.otf */; };
		EA43294C253FAF8E00BCD31F /* PantonNarrowDemo-LightItalic.otf in Resources */ = {isa = PBXBuildFile; fileRef = EA432944253FAF8D00BCD31F /* PantonNarrowDemo-LightItalic.otf */; };
		EA43294D253FAF8E00BCD31F /* PantonNarrowDemo-BlackItalic.otf in Resources */ = {isa = PBXBuildFile; fileRef = EA432945253FAF8D00BCD31F /* PantonNarrowDemo-BlackItalic.otf */; };
		EA43294E253FAF8E00BCD31F /* PantonDemo-Black.otf in Resources */ = {isa = PBXBuildFile; fileRef = EA432946253FAF8D00BCD31F /* PantonDemo-Black.otf */; };
		EA43294F253FAF8E00BCD31F /* PantonDemo-LightItalic.otf in Resources */ = {isa = PBXBuildFile; fileRef = EA432947253FAF8D00BCD31F /* PantonDemo-LightItalic.otf */; };
		EA432950253FAF8E00BCD31F /* PantonNarrowDemo-Black.otf in Resources */ = {isa = PBXBuildFile; fileRef = EA432948253FAF8D00BCD31F /* PantonNarrowDemo-Black.otf */; };
		EA432951253FAF8E00BCD31F /* PantonDemo-BlackItalic.otf in Resources */ = {isa = PBXBuildFile; fileRef = EA432949253FAF8E00BCD31F /* PantonDemo-BlackItalic.otf */; };
		EA43CB55252669D300102879 /* SettingsView.swift in Sources */ = {isa = PBXBuildFile; fileRef = EA43CB54252669D300102879 /* SettingsView.swift */; };
		EA5736F025317C0700CF442B /* MenuController.swift in Sources */ = {isa = PBXBuildFile; fileRef = EA5736EF25317C0700CF442B /* MenuController.swift */; };
		EA5736F42532E86700CF442B /* MenuPageViewController.swift in Sources */ = {isa = PBXBuildFile; fileRef = EA5736F32532E86700CF442B /* MenuPageViewController.swift */; };
		EA5737032536969700CF442B /* MenuItem.swift in Sources */ = {isa = PBXBuildFile; fileRef = EA5737022536969700CF442B /* MenuItem.swift */; };
		EA57370C2538BF3500CF442B /* MenuContentView.swift in Sources */ = {isa = PBXBuildFile; fileRef = EA57370B2538BF3500CF442B /* MenuContentView.swift */; };
		EA57EA7325281F0D00FC2323 /* PlanetPeekView.swift in Sources */ = {isa = PBXBuildFile; fileRef = EA57EA7225281F0D00FC2323 /* PlanetPeekView.swift */; };
		EA58D013251F3D79007A8DB5 /* PlanetDetailsController.swift in Sources */ = {isa = PBXBuildFile; fileRef = EA58D012251F3D79007A8DB5 /* PlanetDetailsController.swift */; };
		EA5B0BF7251055B300B1E910 /* AppDelegate.swift in Sources */ = {isa = PBXBuildFile; fileRef = EA5B0BF6251055B300B1E910 /* AppDelegate.swift */; };
		EA5B0BF9251055B300B1E910 /* art.scnassets in Resources */ = {isa = PBXBuildFile; fileRef = EA5B0BF8251055B300B1E910 /* art.scnassets */; };
		EA5B0BFB251055B300B1E910 /* PlanetARiumController.swift in Sources */ = {isa = PBXBuildFile; fileRef = EA5B0BFA251055B300B1E910 /* PlanetARiumController.swift */; };
		EA5B0BFE251055B300B1E910 /* Main.storyboard in Resources */ = {isa = PBXBuildFile; fileRef = EA5B0BFC251055B300B1E910 /* Main.storyboard */; };
		EA5B0C00251055B300B1E910 /* Assets.xcassets in Resources */ = {isa = PBXBuildFile; fileRef = EA5B0BFF251055B300B1E910 /* Assets.xcassets */; };
		EA5B0C03251055B300B1E910 /* LaunchScreen.storyboard in Resources */ = {isa = PBXBuildFile; fileRef = EA5B0C01251055B300B1E910 /* LaunchScreen.storyboard */; };
		EA5B0C0B2510677E00B1E910 /* Planet.swift in Sources */ = {isa = PBXBuildFile; fileRef = EA5B0C0A2510677E00B1E910 /* Planet.swift */; };
		EA764A6A254B76B300F1C606 /* PocketPlanetARiumTests.swift in Sources */ = {isa = PBXBuildFile; fileRef = EA764A69254B76B300F1C606 /* PocketPlanetARiumTests.swift */; };
		EA764A7E254D34B200F1C606 /* TapPlanetGesture.swift in Sources */ = {isa = PBXBuildFile; fileRef = EA764A7D254D34B200F1C606 /* TapPlanetGesture.swift */; };
		EA764AA1254F486500F1C606 /* PopPlanetDetailsGesture.swift in Sources */ = {isa = PBXBuildFile; fileRef = EA764AA0254F486500F1C606 /* PopPlanetDetailsGesture.swift */; };
		EA97F8CB25698DED007A2CBB /* CreditsView.swift in Sources */ = {isa = PBXBuildFile; fileRef = EA97F8CA25698DED007A2CBB /* CreditsView.swift */; };
		EA992FBA2542124400992CB7 /* MenuContentViewSingle.swift in Sources */ = {isa = PBXBuildFile; fileRef = EA992FB92542124400992CB7 /* MenuContentViewSingle.swift */; };
		EA992FCA254235D300992CB7 /* MenuContentViewLaunch.swift in Sources */ = {isa = PBXBuildFile; fileRef = EA992FC9254235D300992CB7 /* MenuContentViewLaunch.swift */; };
		EA992FD325423FCD00992CB7 /* Age-Normal.otf in Resources */ = {isa = PBXBuildFile; fileRef = EA992FD225423FCD00992CB7 /* Age-Normal.otf */; };
		EAC1F4D025149BD30097521A /* PlanetARium.swift in Sources */ = {isa = PBXBuildFile; fileRef = EAC1F4CF25149BD30097521A /* PlanetARium.swift */; };
		EAEEF14D254F902F00BDC1D2 /* cocktailShaker.wav in Resources */ = {isa = PBXBuildFile; fileRef = EAEEF14C254F902F00BDC1D2 /* cocktailShaker.wav */; };
		EAF7BEA925203CAE00C0D1A6 /* PlanetGroup.swift in Sources */ = {isa = PBXBuildFile; fileRef = EAF7BEA825203CAE00C0D1A6 /* PlanetGroup.swift */; };
/* End PBXBuildFile section */

/* Begin PBXContainerItemProxy section */
		EA764A6C254B76B300F1C606 /* PBXContainerItemProxy */ = {
			isa = PBXContainerItemProxy;
			containerPortal = EA5B0BEB251055B300B1E910 /* Project object */;
			proxyType = 1;
			remoteGlobalIDString = EA5B0BF2251055B300B1E910;
			remoteInfo = PocketPlanetARium;
		};
/* End PBXContainerItemProxy section */

/* Begin PBXFileReference section */
		EA0636112545312300719E9C /* planetHardPress.mov */ = {isa = PBXFileReference; lastKnownFileType = video.quicktime; path = planetHardPress.mov; sourceTree = "<group>"; };
		EA0636192545329F00719E9C /* planetSettings.mov */ = {isa = PBXFileReference; lastKnownFileType = video.quicktime; path = planetSettings.mov; sourceTree = "<group>"; };
		EA06363925456CD100719E9C /* main_MenuTitle.mp3 */ = {isa = PBXFileReference; lastKnownFileType = audio.mp3; path = main_MenuTitle.mp3; sourceTree = "<group>"; };
		EA06363F25456F3F00719E9C /* main_MenuButton.mp3 */ = {isa = PBXFileReference; lastKnownFileType = audio.mp3; path = main_MenuButton.mp3; sourceTree = "<group>"; };
		EA2BCCA325180317007A13F5 /* Constants.swift */ = {isa = PBXFileReference; lastKnownFileType = sourcecode.swift; path = Constants.swift; sourceTree = "<group>"; };
		EA40E9AF252ADFFF00726425 /* PlanetDetails.swift */ = {isa = PBXFileReference; lastKnownFileType = sourcecode.swift; path = PlanetDetails.swift; sourceTree = "<group>"; };
		EA4328252539F4E600BCD31F /* MenuBezelView.swift */ = {isa = PBXFileReference; lastKnownFileType = sourcecode.swift; path = MenuBezelView.swift; sourceTree = "<group>"; };
		EA43288B253CC9B800BCD31F /* AudioManager.swift */ = {isa = PBXFileReference; lastKnownFileType = sourcecode.swift; path = AudioManager.swift; sourceTree = "<group>"; };
		EA4328CF253E021F00BCD31F /* main_DetailsOpen.mp3 */ = {isa = PBXFileReference; lastKnownFileType = audio.mp3; path = main_DetailsOpen.mp3; sourceTree = "<group>"; };
		EA4328D8253E099100BCD31F /* main_VenusSurface.mp3 */ = {isa = PBXFileReference; lastKnownFileType = audio.mp3; path = main_VenusSurface.mp3; sourceTree = "<group>"; };
		EA4328DC253E09CB00BCD31F /* main_Pinch.mp3 */ = {isa = PBXFileReference; lastKnownFileType = audio.mp3; path = main_Pinch.mp3; sourceTree = "<group>"; };
		EA4328E4253E0A5300BCD31F /* main_PlanetARiumMusic0.mp3 */ = {isa = PBXFileReference; lastKnownFileType = audio.mp3; path = main_PlanetARiumMusic0.mp3; sourceTree = "<group>"; };
		EA4328E8253E0A9300BCD31F /* main_PlanetARiumOpen.mp3 */ = {isa = PBXFileReference; lastKnownFileType = audio.mp3; path = main_PlanetARiumOpen.mp3; sourceTree = "<group>"; };
		EA4328EC253E0AC800BCD31F /* main_SettingsCollapse.mp3 */ = {isa = PBXFileReference; lastKnownFileType = audio.mp3; path = main_SettingsCollapse.mp3; sourceTree = "<group>"; };
		EA4328F8253E0BC100BCD31F /* main_ButtonPress.mp3 */ = {isa = PBXFileReference; lastKnownFileType = audio.mp3; path = main_ButtonPress.mp3; sourceTree = "<group>"; };
		EA4328FE253E100000BCD31F /* main_SettingsExpand.mp3 */ = {isa = PBXFileReference; lastKnownFileType = audio.mp3; path = main_SettingsExpand.mp3; sourceTree = "<group>"; };
		EA43290E253E567A00BCD31F /* main_LaunchButton.mp3 */ = {isa = PBXFileReference; lastKnownFileType = audio.mp3; path = main_LaunchButton.mp3; sourceTree = "<group>"; };
		EA432913253E574E00BCD31F /* main_MenuScreen.mp3 */ = {isa = PBXFileReference; lastKnownFileType = audio.mp3; path = main_MenuScreen.mp3; sourceTree = "<group>"; };
		EA432930253F70E900BCD31F /* planetPinch.mov */ = {isa = PBXFileReference; lastKnownFileType = video.quicktime; path = planetPinch.mov; sourceTree = "<group>"; };
		EA43293D253FAF7300BCD31F /* Prime-Regular.otf */ = {isa = PBXFileReference; lastKnownFileType = file; path = "Prime-Regular.otf"; sourceTree = "<group>"; };
		EA43293E253FAF7300BCD31F /* Prime-Light.otf */ = {isa = PBXFileReference; lastKnownFileType = file; path = "Prime-Light.otf"; sourceTree = "<group>"; };
		EA432942253FAF8D00BCD31F /* PantonDemo-Light.otf */ = {isa = PBXFileReference; lastKnownFileType = file; path = "PantonDemo-Light.otf"; sourceTree = "<group>"; };
		EA432943253FAF8D00BCD31F /* PantonNarrowDemo-Light.otf */ = {isa = PBXFileReference; lastKnownFileType = file; path = "PantonNarrowDemo-Light.otf"; sourceTree = "<group>"; };
		EA432944253FAF8D00BCD31F /* PantonNarrowDemo-LightItalic.otf */ = {isa = PBXFileReference; lastKnownFileType = file; path = "PantonNarrowDemo-LightItalic.otf"; sourceTree = "<group>"; };
		EA432945253FAF8D00BCD31F /* PantonNarrowDemo-BlackItalic.otf */ = {isa = PBXFileReference; lastKnownFileType = file; path = "PantonNarrowDemo-BlackItalic.otf"; sourceTree = "<group>"; };
		EA432946253FAF8D00BCD31F /* PantonDemo-Black.otf */ = {isa = PBXFileReference; lastKnownFileType = file; path = "PantonDemo-Black.otf"; sourceTree = "<group>"; };
		EA432947253FAF8D00BCD31F /* PantonDemo-LightItalic.otf */ = {isa = PBXFileReference; lastKnownFileType = file; path = "PantonDemo-LightItalic.otf"; sourceTree = "<group>"; };
		EA432948253FAF8D00BCD31F /* PantonNarrowDemo-Black.otf */ = {isa = PBXFileReference; lastKnownFileType = file; path = "PantonNarrowDemo-Black.otf"; sourceTree = "<group>"; };
		EA432949253FAF8E00BCD31F /* PantonDemo-BlackItalic.otf */ = {isa = PBXFileReference; lastKnownFileType = file; path = "PantonDemo-BlackItalic.otf"; sourceTree = "<group>"; };
		EA43CB54252669D300102879 /* SettingsView.swift */ = {isa = PBXFileReference; lastKnownFileType = sourcecode.swift; path = SettingsView.swift; sourceTree = "<group>"; };
		EA5736EF25317C0700CF442B /* MenuController.swift */ = {isa = PBXFileReference; lastKnownFileType = sourcecode.swift; name = MenuController.swift; path = PocketPlanetARium/Controllers/MenuController.swift; sourceTree = SOURCE_ROOT; };
		EA5736F32532E86700CF442B /* MenuPageViewController.swift */ = {isa = PBXFileReference; lastKnownFileType = sourcecode.swift; path = MenuPageViewController.swift; sourceTree = "<group>"; };
		EA5737022536969700CF442B /* MenuItem.swift */ = {isa = PBXFileReference; lastKnownFileType = sourcecode.swift; path = MenuItem.swift; sourceTree = "<group>"; };
		EA57370B2538BF3500CF442B /* MenuContentView.swift */ = {isa = PBXFileReference; lastKnownFileType = sourcecode.swift; path = MenuContentView.swift; sourceTree = "<group>"; wrapsLines = 1; };
		EA57EA7225281F0D00FC2323 /* PlanetPeekView.swift */ = {isa = PBXFileReference; lastKnownFileType = sourcecode.swift; path = PlanetPeekView.swift; sourceTree = "<group>"; };
		EA58D012251F3D79007A8DB5 /* PlanetDetailsController.swift */ = {isa = PBXFileReference; lastKnownFileType = sourcecode.swift; path = PlanetDetailsController.swift; sourceTree = "<group>"; };
		EA5B0BF3251055B300B1E910 /* PocketPlanetARium.app */ = {isa = PBXFileReference; explicitFileType = wrapper.application; includeInIndex = 0; path = PocketPlanetARium.app; sourceTree = BUILT_PRODUCTS_DIR; };
		EA5B0BF6251055B300B1E910 /* AppDelegate.swift */ = {isa = PBXFileReference; lastKnownFileType = sourcecode.swift; path = AppDelegate.swift; sourceTree = "<group>"; };
		EA5B0BF8251055B300B1E910 /* art.scnassets */ = {isa = PBXFileReference; lastKnownFileType = wrapper.scnassets; path = art.scnassets; sourceTree = "<group>"; };
		EA5B0BFA251055B300B1E910 /* PlanetARiumController.swift */ = {isa = PBXFileReference; lastKnownFileType = sourcecode.swift; path = PlanetARiumController.swift; sourceTree = "<group>"; };
		EA5B0BFD251055B300B1E910 /* Base */ = {isa = PBXFileReference; lastKnownFileType = file.storyboard; name = Base; path = Base.lproj/Main.storyboard; sourceTree = "<group>"; };
		EA5B0BFF251055B300B1E910 /* Assets.xcassets */ = {isa = PBXFileReference; lastKnownFileType = folder.assetcatalog; path = Assets.xcassets; sourceTree = "<group>"; };
		EA5B0C02251055B300B1E910 /* Base */ = {isa = PBXFileReference; lastKnownFileType = file.storyboard; name = Base; path = Base.lproj/LaunchScreen.storyboard; sourceTree = "<group>"; };
		EA5B0C04251055B300B1E910 /* Info.plist */ = {isa = PBXFileReference; lastKnownFileType = text.plist.xml; path = Info.plist; sourceTree = "<group>"; };
		EA5B0C0A2510677E00B1E910 /* Planet.swift */ = {isa = PBXFileReference; lastKnownFileType = sourcecode.swift; path = Planet.swift; sourceTree = "<group>"; };
		EA764A67254B76B300F1C606 /* PocketPlanetARiumTests.xctest */ = {isa = PBXFileReference; explicitFileType = wrapper.cfbundle; includeInIndex = 0; path = PocketPlanetARiumTests.xctest; sourceTree = BUILT_PRODUCTS_DIR; };
		EA764A69254B76B300F1C606 /* PocketPlanetARiumTests.swift */ = {isa = PBXFileReference; lastKnownFileType = sourcecode.swift; path = PocketPlanetARiumTests.swift; sourceTree = "<group>"; };
		EA764A6B254B76B300F1C606 /* Info.plist */ = {isa = PBXFileReference; lastKnownFileType = text.plist.xml; path = Info.plist; sourceTree = "<group>"; };
		EA764A7D254D34B200F1C606 /* TapPlanetGesture.swift */ = {isa = PBXFileReference; lastKnownFileType = sourcecode.swift; path = TapPlanetGesture.swift; sourceTree = "<group>"; };
		EA764AA0254F486500F1C606 /* PopPlanetDetailsGesture.swift */ = {isa = PBXFileReference; lastKnownFileType = sourcecode.swift; path = PopPlanetDetailsGesture.swift; sourceTree = "<group>"; };
		EA97F8CA25698DED007A2CBB /* CreditsView.swift */ = {isa = PBXFileReference; lastKnownFileType = sourcecode.swift; path = CreditsView.swift; sourceTree = "<group>"; };
		EA992FB92542124400992CB7 /* MenuContentViewSingle.swift */ = {isa = PBXFileReference; lastKnownFileType = sourcecode.swift; path = MenuContentViewSingle.swift; sourceTree = "<group>"; };
		EA992FC9254235D300992CB7 /* MenuContentViewLaunch.swift */ = {isa = PBXFileReference; lastKnownFileType = sourcecode.swift; path = MenuContentViewLaunch.swift; sourceTree = "<group>"; };
		EA992FD225423FCD00992CB7 /* Age-Normal.otf */ = {isa = PBXFileReference; lastKnownFileType = file; path = "Age-Normal.otf"; sourceTree = "<group>"; };
		EAC1F4CF25149BD30097521A /* PlanetARium.swift */ = {isa = PBXFileReference; lastKnownFileType = sourcecode.swift; path = PlanetARium.swift; sourceTree = "<group>"; };
		EAEEF14C254F902F00BDC1D2 /* cocktailShaker.wav */ = {isa = PBXFileReference; lastKnownFileType = audio.wav; path = cocktailShaker.wav; sourceTree = "<group>"; };
		EAF7BEA825203CAE00C0D1A6 /* PlanetGroup.swift */ = {isa = PBXFileReference; lastKnownFileType = sourcecode.swift; path = PlanetGroup.swift; sourceTree = "<group>"; };
/* End PBXFileReference section */

/* Begin PBXFrameworksBuildPhase section */
		EA5B0BF0251055B300B1E910 /* Frameworks */ = {
			isa = PBXFrameworksBuildPhase;
			buildActionMask = 2147483647;
			files = (
			);
			runOnlyForDeploymentPostprocessing = 0;
		};
		EA764A64254B76B300F1C606 /* Frameworks */ = {
			isa = PBXFrameworksBuildPhase;
			buildActionMask = 2147483647;
			files = (
			);
			runOnlyForDeploymentPostprocessing = 0;
		};
/* End PBXFrameworksBuildPhase section */

/* Begin PBXGroup section */
		EA43284D253BAD0700BCD31F /* Sounds */ = {
			isa = PBXGroup;
			children = (
				EAEEF14C254F902F00BDC1D2 /* cocktailShaker.wav */,
				EA992FA02540B4CD00992CB7 /* mainTheme */,
			);
			path = Sounds;
			sourceTree = "<group>";
		};
		EA43291C253EA1BE00BCD31F /* Movies */ = {
			isa = PBXGroup;
			children = (
				EA0636112545312300719E9C /* planetHardPress.mov */,
				EA432930253F70E900BCD31F /* planetPinch.mov */,
				EA0636192545329F00719E9C /* planetSettings.mov */,
			);
			path = Movies;
			sourceTree = "<group>";
		};
		EA43293C253FAF1000BCD31F /* Fonts */ = {
			isa = PBXGroup;
			children = (
				EA992FD225423FCD00992CB7 /* Age-Normal.otf */,
				EA432946253FAF8D00BCD31F /* PantonDemo-Black.otf */,
				EA432949253FAF8E00BCD31F /* PantonDemo-BlackItalic.otf */,
				EA432942253FAF8D00BCD31F /* PantonDemo-Light.otf */,
				EA432947253FAF8D00BCD31F /* PantonDemo-LightItalic.otf */,
				EA432948253FAF8D00BCD31F /* PantonNarrowDemo-Black.otf */,
				EA432945253FAF8D00BCD31F /* PantonNarrowDemo-BlackItalic.otf */,
				EA432943253FAF8D00BCD31F /* PantonNarrowDemo-Light.otf */,
				EA432944253FAF8D00BCD31F /* PantonNarrowDemo-LightItalic.otf */,
				EA43293E253FAF7300BCD31F /* Prime-Light.otf */,
				EA43293D253FAF7300BCD31F /* Prime-Regular.otf */,
			);
			path = Fonts;
			sourceTree = "<group>";
		};
		EA5B0BEA251055B300B1E910 = {
			isa = PBXGroup;
			children = (
				EA5B0BF5251055B300B1E910 /* PocketPlanetARium */,
				EA764A68254B76B300F1C606 /* PocketPlanetARiumTests */,
				EA5B0BF4251055B300B1E910 /* Products */,
			);
			sourceTree = "<group>";
		};
		EA5B0BF4251055B300B1E910 /* Products */ = {
			isa = PBXGroup;
			children = (
				EA5B0BF3251055B300B1E910 /* PocketPlanetARium.app */,
				EA764A67254B76B300F1C606 /* PocketPlanetARiumTests.xctest */,
			);
			name = Products;
			sourceTree = "<group>";
		};
		EA5B0BF5251055B300B1E910 /* PocketPlanetARium */ = {
			isa = PBXGroup;
			children = (
				EA764A7A254D2C4000F1C606 /* Spells */,
				EA5B0BF6251055B300B1E910 /* AppDelegate.swift */,
				EAC1F4CE251320030097521A /* Models */,
				EAC1F4CC25131FF40097521A /* Controllers */,
				EAC1F4CD25131FFE0097521A /* Views */,
				EA43284D253BAD0700BCD31F /* Sounds */,
				EA43291C253EA1BE00BCD31F /* Movies */,
				EA43293C253FAF1000BCD31F /* Fonts */,
				EA5B0BFF251055B300B1E910 /* Assets.xcassets */,
				EA5B0BF8251055B300B1E910 /* art.scnassets */,
				EA5B0C01251055B300B1E910 /* LaunchScreen.storyboard */,
				EA5B0C04251055B300B1E910 /* Info.plist */,
			);
			path = PocketPlanetARium;
			sourceTree = "<group>";
		};
		EA764A68254B76B300F1C606 /* PocketPlanetARiumTests */ = {
			isa = PBXGroup;
			children = (
				EA764A69254B76B300F1C606 /* PocketPlanetARiumTests.swift */,
				EA764A6B254B76B300F1C606 /* Info.plist */,
			);
			path = PocketPlanetARiumTests;
			sourceTree = "<group>";
		};
		EA764A7A254D2C4000F1C606 /* Spells */ = {
			isa = PBXGroup;
			children = (
				EA764A7D254D34B200F1C606 /* TapPlanetGesture.swift */,
				EA764AA0254F486500F1C606 /* PopPlanetDetailsGesture.swift */,
			);
			path = Spells;
			sourceTree = "<group>";
		};
		EA992FA02540B4CD00992CB7 /* mainTheme */ = {
			isa = PBXGroup;
			children = (
				EA4328F8253E0BC100BCD31F /* main_ButtonPress.mp3 */,
				EA4328CF253E021F00BCD31F /* main_DetailsOpen.mp3 */,
				EA43290E253E567A00BCD31F /* main_LaunchButton.mp3 */,
				EA06363F25456F3F00719E9C /* main_MenuButton.mp3 */,
				EA432913253E574E00BCD31F /* main_MenuScreen.mp3 */,
				EA06363925456CD100719E9C /* main_MenuTitle.mp3 */,
				EA4328DC253E09CB00BCD31F /* main_Pinch.mp3 */,
				EA4328E4253E0A5300BCD31F /* main_PlanetARiumMusic0.mp3 */,
				EA4328E8253E0A9300BCD31F /* main_PlanetARiumOpen.mp3 */,
				EA4328EC253E0AC800BCD31F /* main_SettingsCollapse.mp3 */,
				EA4328FE253E100000BCD31F /* main_SettingsExpand.mp3 */,
				EA4328D8253E099100BCD31F /* main_VenusSurface.mp3 */,
			);
			path = mainTheme;
			sourceTree = "<group>";
		};
		EAC1F4CC25131FF40097521A /* Controllers */ = {
			isa = PBXGroup;
			children = (
				EA5736EF25317C0700CF442B /* MenuController.swift */,
				EA5736F32532E86700CF442B /* MenuPageViewController.swift */,
				EA5B0BFA251055B300B1E910 /* PlanetARiumController.swift */,
				EA58D012251F3D79007A8DB5 /* PlanetDetailsController.swift */,
			);
			path = Controllers;
			sourceTree = "<group>";
		};
		EAC1F4CD25131FFE0097521A /* Views */ = {
			isa = PBXGroup;
			children = (
				EA5B0BFC251055B300B1E910 /* Main.storyboard */,
				EA4328252539F4E600BCD31F /* MenuBezelView.swift */,
				EA992FB92542124400992CB7 /* MenuContentViewSingle.swift */,
				EA57370B2538BF3500CF442B /* MenuContentView.swift */,
				EA992FC9254235D300992CB7 /* MenuContentViewLaunch.swift */,
				EA97F8CA25698DED007A2CBB /* CreditsView.swift */,
				EA43CB54252669D300102879 /* SettingsView.swift */,
				EA57EA7225281F0D00FC2323 /* PlanetPeekView.swift */,
			);
			path = Views;
			sourceTree = "<group>";
		};
		EAC1F4CE251320030097521A /* Models */ = {
			isa = PBXGroup;
			children = (
				EA2BCCA325180317007A13F5 /* Constants.swift */,
				EA43288B253CC9B800BCD31F /* AudioManager.swift */,
				EA5737022536969700CF442B /* MenuItem.swift */,
				EA5B0C0A2510677E00B1E910 /* Planet.swift */,
				EA40E9AF252ADFFF00726425 /* PlanetDetails.swift */,
				EAF7BEA825203CAE00C0D1A6 /* PlanetGroup.swift */,
				EAC1F4CF25149BD30097521A /* PlanetARium.swift */,
			);
			path = Models;
			sourceTree = "<group>";
		};
/* End PBXGroup section */

/* Begin PBXNativeTarget section */
		EA5B0BF2251055B300B1E910 /* PocketPlanetARium */ = {
			isa = PBXNativeTarget;
			buildConfigurationList = EA5B0C07251055B300B1E910 /* Build configuration list for PBXNativeTarget "PocketPlanetARium" */;
			buildPhases = (
				EA5B0BEF251055B300B1E910 /* Sources */,
				EA5B0BF0251055B300B1E910 /* Frameworks */,
				EA5B0BF1251055B300B1E910 /* Resources */,
			);
			buildRules = (
			);
			dependencies = (
			);
			name = PocketPlanetARium;
			productName = ARDicee2;
			productReference = EA5B0BF3251055B300B1E910 /* PocketPlanetARium.app */;
			productType = "com.apple.product-type.application";
		};
		EA764A66254B76B300F1C606 /* PocketPlanetARiumTests */ = {
			isa = PBXNativeTarget;
			buildConfigurationList = EA764A70254B76B300F1C606 /* Build configuration list for PBXNativeTarget "PocketPlanetARiumTests" */;
			buildPhases = (
				EA764A63254B76B300F1C606 /* Sources */,
				EA764A64254B76B300F1C606 /* Frameworks */,
				EA764A65254B76B300F1C606 /* Resources */,
			);
			buildRules = (
			);
			dependencies = (
				EA764A6D254B76B300F1C606 /* PBXTargetDependency */,
			);
			name = PocketPlanetARiumTests;
			productName = PocketPlanetARiumTests;
			productReference = EA764A67254B76B300F1C606 /* PocketPlanetARiumTests.xctest */;
			productType = "com.apple.product-type.bundle.unit-test";
		};
/* End PBXNativeTarget section */

/* Begin PBXProject section */
		EA5B0BEB251055B300B1E910 /* Project object */ = {
			isa = PBXProject;
			attributes = {
				LastSwiftUpdateCheck = 1210;
				LastUpgradeCheck = 1200;
				ORGANIZATIONNAME = "Eddie Char";
				TargetAttributes = {
					EA5B0BF2251055B300B1E910 = {
						CreatedOnToolsVersion = 11.7;
					};
					EA764A66254B76B300F1C606 = {
						CreatedOnToolsVersion = 12.1;
						TestTargetID = EA5B0BF2251055B300B1E910;
					};
				};
			};
			buildConfigurationList = EA5B0BEE251055B300B1E910 /* Build configuration list for PBXProject "PocketPlanetARium" */;
			compatibilityVersion = "Xcode 9.3";
			developmentRegion = en;
			hasScannedForEncodings = 0;
			knownRegions = (
				en,
				Base,
			);
			mainGroup = EA5B0BEA251055B300B1E910;
			productRefGroup = EA5B0BF4251055B300B1E910 /* Products */;
			projectDirPath = "";
			projectRoot = "";
			targets = (
				EA5B0BF2251055B300B1E910 /* PocketPlanetARium */,
				EA764A66254B76B300F1C606 /* PocketPlanetARiumTests */,
			);
		};
/* End PBXProject section */

/* Begin PBXResourcesBuildPhase section */
		EA5B0BF1251055B300B1E910 /* Resources */ = {
			isa = PBXResourcesBuildPhase;
			buildActionMask = 2147483647;
			files = (
				EA992FD325423FCD00992CB7 /* Age-Normal.otf in Resources */,
				EA43294C253FAF8E00BCD31F /* PantonNarrowDemo-LightItalic.otf in Resources */,
				EA43294B253FAF8E00BCD31F /* PantonNarrowDemo-Light.otf in Resources */,
				EA06364025456F3F00719E9C /* main_MenuButton.mp3 in Resources */,
				EAEEF14D254F902F00BDC1D2 /* cocktailShaker.wav in Resources */,
				EA4328DD253E09CB00BCD31F /* main_Pinch.mp3 in Resources */,
				EA4328FF253E100000BCD31F /* main_SettingsExpand.mp3 in Resources */,
				EA06363A25456CD100719E9C /* main_MenuTitle.mp3 in Resources */,
				EA43294D253FAF8E00BCD31F /* PantonNarrowDemo-BlackItalic.otf in Resources */,
				EA0636122545312300719E9C /* planetHardPress.mov in Resources */,
				EA4328F9253E0BC100BCD31F /* main_ButtonPress.mp3 in Resources */,
				EA432950253FAF8E00BCD31F /* PantonNarrowDemo-Black.otf in Resources */,
				EA43290F253E567A00BCD31F /* main_LaunchButton.mp3 in Resources */,
				EA43294A253FAF8E00BCD31F /* PantonDemo-Light.otf in Resources */,
				EA4328D0253E021F00BCD31F /* main_DetailsOpen.mp3 in Resources */,
				EA432932253F70E900BCD31F /* planetPinch.mov in Resources */,
				EA432914253E574E00BCD31F /* main_MenuScreen.mp3 in Resources */,
				EA43294E253FAF8E00BCD31F /* PantonDemo-Black.otf in Resources */,
				EA43293F253FAF7300BCD31F /* Prime-Regular.otf in Resources */,
				EA4328ED253E0AC800BCD31F /* main_SettingsCollapse.mp3 in Resources */,
				EA432951253FAF8E00BCD31F /* PantonDemo-BlackItalic.otf in Resources */,
				EA06361A2545329F00719E9C /* planetSettings.mov in Resources */,
				EA4328E9253E0A9300BCD31F /* main_PlanetARiumOpen.mp3 in Resources */,
				EA5B0BF9251055B300B1E910 /* art.scnassets in Resources */,
				EA43294F253FAF8E00BCD31F /* PantonDemo-LightItalic.otf in Resources */,
				EA4328E5253E0A5300BCD31F /* main_PlanetARiumMusic0.mp3 in Resources */,
				EA5B0C03251055B300B1E910 /* LaunchScreen.storyboard in Resources */,
				EA5B0C00251055B300B1E910 /* Assets.xcassets in Resources */,
				EA5B0BFE251055B300B1E910 /* Main.storyboard in Resources */,
				EA4328D9253E099100BCD31F /* main_VenusSurface.mp3 in Resources */,
				EA432940253FAF7300BCD31F /* Prime-Light.otf in Resources */,
			);
			runOnlyForDeploymentPostprocessing = 0;
		};
		EA764A65254B76B300F1C606 /* Resources */ = {
			isa = PBXResourcesBuildPhase;
			buildActionMask = 2147483647;
			files = (
			);
			runOnlyForDeploymentPostprocessing = 0;
		};
/* End PBXResourcesBuildPhase section */

/* Begin PBXSourcesBuildPhase section */
		EA5B0BEF251055B300B1E910 /* Sources */ = {
			isa = PBXSourcesBuildPhase;
			buildActionMask = 2147483647;
			files = (
				EA992FCA254235D300992CB7 /* MenuContentViewLaunch.swift in Sources */,
				EA2BCCA425180317007A13F5 /* Constants.swift in Sources */,
				EA5B0C0B2510677E00B1E910 /* Planet.swift in Sources */,
				EA5B0BFB251055B300B1E910 /* PlanetARiumController.swift in Sources */,
				EA5736F42532E86700CF442B /* MenuPageViewController.swift in Sources */,
				EA57EA7325281F0D00FC2323 /* PlanetPeekView.swift in Sources */,
				EA58D013251F3D79007A8DB5 /* PlanetDetailsController.swift in Sources */,
				EA4328262539F4E600BCD31F /* MenuBezelView.swift in Sources */,
				EA5737032536969700CF442B /* MenuItem.swift in Sources */,
				EA992FBA2542124400992CB7 /* MenuContentViewSingle.swift in Sources */,
				EA5736F025317C0700CF442B /* MenuController.swift in Sources */,
				EAF7BEA925203CAE00C0D1A6 /* PlanetGroup.swift in Sources */,
				EA764AA1254F486500F1C606 /* PopPlanetDetailsGesture.swift in Sources */,
				EA43288C253CC9B900BCD31F /* AudioManager.swift in Sources */,
				EA40E9B0252ADFFF00726425 /* PlanetDetails.swift in Sources */,
				EA97F8CB25698DED007A2CBB /* CreditsView.swift in Sources */,
				EA43CB55252669D300102879 /* SettingsView.swift in Sources */,
				EAC1F4D025149BD30097521A /* PlanetARium.swift in Sources */,
				EA764A7E254D34B200F1C606 /* TapPlanetGesture.swift in Sources */,
				EA5B0BF7251055B300B1E910 /* AppDelegate.swift in Sources */,
				EA57370C2538BF3500CF442B /* MenuContentView.swift in Sources */,
			);
			runOnlyForDeploymentPostprocessing = 0;
		};
		EA764A63254B76B300F1C606 /* Sources */ = {
			isa = PBXSourcesBuildPhase;
			buildActionMask = 2147483647;
			files = (
				EA764A6A254B76B300F1C606 /* PocketPlanetARiumTests.swift in Sources */,
			);
			runOnlyForDeploymentPostprocessing = 0;
		};
/* End PBXSourcesBuildPhase section */

/* Begin PBXTargetDependency section */
		EA764A6D254B76B300F1C606 /* PBXTargetDependency */ = {
			isa = PBXTargetDependency;
			target = EA5B0BF2251055B300B1E910 /* PocketPlanetARium */;
			targetProxy = EA764A6C254B76B300F1C606 /* PBXContainerItemProxy */;
		};
/* End PBXTargetDependency section */

/* Begin PBXVariantGroup section */
		EA5B0BFC251055B300B1E910 /* Main.storyboard */ = {
			isa = PBXVariantGroup;
			children = (
				EA5B0BFD251055B300B1E910 /* Base */,
			);
			name = Main.storyboard;
			sourceTree = "<group>";
		};
		EA5B0C01251055B300B1E910 /* LaunchScreen.storyboard */ = {
			isa = PBXVariantGroup;
			children = (
				EA5B0C02251055B300B1E910 /* Base */,
			);
			name = LaunchScreen.storyboard;
			sourceTree = "<group>";
		};
/* End PBXVariantGroup section */

/* Begin XCBuildConfiguration section */
		EA5B0C05251055B300B1E910 /* Debug */ = {
			isa = XCBuildConfiguration;
			buildSettings = {
				ALWAYS_SEARCH_USER_PATHS = NO;
				CLANG_ANALYZER_NONNULL = YES;
				CLANG_ANALYZER_NUMBER_OBJECT_CONVERSION = YES_AGGRESSIVE;
				CLANG_CXX_LANGUAGE_STANDARD = "gnu++14";
				CLANG_CXX_LIBRARY = "libc++";
				CLANG_ENABLE_MODULES = YES;
				CLANG_ENABLE_OBJC_ARC = YES;
				CLANG_ENABLE_OBJC_WEAK = YES;
				CLANG_WARN_BLOCK_CAPTURE_AUTORELEASING = YES;
				CLANG_WARN_BOOL_CONVERSION = YES;
				CLANG_WARN_COMMA = YES;
				CLANG_WARN_CONSTANT_CONVERSION = YES;
				CLANG_WARN_DEPRECATED_OBJC_IMPLEMENTATIONS = YES;
				CLANG_WARN_DIRECT_OBJC_ISA_USAGE = YES_ERROR;
				CLANG_WARN_DOCUMENTATION_COMMENTS = YES;
				CLANG_WARN_EMPTY_BODY = YES;
				CLANG_WARN_ENUM_CONVERSION = YES;
				CLANG_WARN_INFINITE_RECURSION = YES;
				CLANG_WARN_INT_CONVERSION = YES;
				CLANG_WARN_NON_LITERAL_NULL_CONVERSION = YES;
				CLANG_WARN_OBJC_IMPLICIT_RETAIN_SELF = YES;
				CLANG_WARN_OBJC_LITERAL_CONVERSION = YES;
				CLANG_WARN_OBJC_ROOT_CLASS = YES_ERROR;
				CLANG_WARN_QUOTED_INCLUDE_IN_FRAMEWORK_HEADER = YES;
				CLANG_WARN_RANGE_LOOP_ANALYSIS = YES;
				CLANG_WARN_STRICT_PROTOTYPES = YES;
				CLANG_WARN_SUSPICIOUS_MOVE = YES;
				CLANG_WARN_UNGUARDED_AVAILABILITY = YES_AGGRESSIVE;
				CLANG_WARN_UNREACHABLE_CODE = YES;
				CLANG_WARN__DUPLICATE_METHOD_MATCH = YES;
				COPY_PHASE_STRIP = NO;
				DEBUG_INFORMATION_FORMAT = dwarf;
				ENABLE_STRICT_OBJC_MSGSEND = YES;
				ENABLE_TESTABILITY = YES;
				GCC_C_LANGUAGE_STANDARD = gnu11;
				GCC_DYNAMIC_NO_PIC = NO;
				GCC_NO_COMMON_BLOCKS = YES;
				GCC_OPTIMIZATION_LEVEL = 0;
				GCC_PREPROCESSOR_DEFINITIONS = (
					"DEBUG=1",
					"$(inherited)",
				);
				GCC_WARN_64_TO_32_BIT_CONVERSION = YES;
				GCC_WARN_ABOUT_RETURN_TYPE = YES_ERROR;
				GCC_WARN_UNDECLARED_SELECTOR = YES;
				GCC_WARN_UNINITIALIZED_AUTOS = YES_AGGRESSIVE;
				GCC_WARN_UNUSED_FUNCTION = YES;
				GCC_WARN_UNUSED_VARIABLE = YES;
				IPHONEOS_DEPLOYMENT_TARGET = 13.0;
				MTL_ENABLE_DEBUG_INFO = INCLUDE_SOURCE;
				MTL_FAST_MATH = YES;
				ONLY_ACTIVE_ARCH = YES;
				SDKROOT = iphoneos;
				SWIFT_ACTIVE_COMPILATION_CONDITIONS = DEBUG;
				SWIFT_OPTIMIZATION_LEVEL = "-Onone";
			};
			name = Debug;
		};
		EA5B0C06251055B300B1E910 /* Release */ = {
			isa = XCBuildConfiguration;
			buildSettings = {
				ALWAYS_SEARCH_USER_PATHS = NO;
				CLANG_ANALYZER_NONNULL = YES;
				CLANG_ANALYZER_NUMBER_OBJECT_CONVERSION = YES_AGGRESSIVE;
				CLANG_CXX_LANGUAGE_STANDARD = "gnu++14";
				CLANG_CXX_LIBRARY = "libc++";
				CLANG_ENABLE_MODULES = YES;
				CLANG_ENABLE_OBJC_ARC = YES;
				CLANG_ENABLE_OBJC_WEAK = YES;
				CLANG_WARN_BLOCK_CAPTURE_AUTORELEASING = YES;
				CLANG_WARN_BOOL_CONVERSION = YES;
				CLANG_WARN_COMMA = YES;
				CLANG_WARN_CONSTANT_CONVERSION = YES;
				CLANG_WARN_DEPRECATED_OBJC_IMPLEMENTATIONS = YES;
				CLANG_WARN_DIRECT_OBJC_ISA_USAGE = YES_ERROR;
				CLANG_WARN_DOCUMENTATION_COMMENTS = YES;
				CLANG_WARN_EMPTY_BODY = YES;
				CLANG_WARN_ENUM_CONVERSION = YES;
				CLANG_WARN_INFINITE_RECURSION = YES;
				CLANG_WARN_INT_CONVERSION = YES;
				CLANG_WARN_NON_LITERAL_NULL_CONVERSION = YES;
				CLANG_WARN_OBJC_IMPLICIT_RETAIN_SELF = YES;
				CLANG_WARN_OBJC_LITERAL_CONVERSION = YES;
				CLANG_WARN_OBJC_ROOT_CLASS = YES_ERROR;
				CLANG_WARN_QUOTED_INCLUDE_IN_FRAMEWORK_HEADER = YES;
				CLANG_WARN_RANGE_LOOP_ANALYSIS = YES;
				CLANG_WARN_STRICT_PROTOTYPES = YES;
				CLANG_WARN_SUSPICIOUS_MOVE = YES;
				CLANG_WARN_UNGUARDED_AVAILABILITY = YES_AGGRESSIVE;
				CLANG_WARN_UNREACHABLE_CODE = YES;
				CLANG_WARN__DUPLICATE_METHOD_MATCH = YES;
				COPY_PHASE_STRIP = NO;
				DEBUG_INFORMATION_FORMAT = "dwarf-with-dsym";
				ENABLE_NS_ASSERTIONS = NO;
				ENABLE_STRICT_OBJC_MSGSEND = YES;
				GCC_C_LANGUAGE_STANDARD = gnu11;
				GCC_NO_COMMON_BLOCKS = YES;
				GCC_WARN_64_TO_32_BIT_CONVERSION = YES;
				GCC_WARN_ABOUT_RETURN_TYPE = YES_ERROR;
				GCC_WARN_UNDECLARED_SELECTOR = YES;
				GCC_WARN_UNINITIALIZED_AUTOS = YES_AGGRESSIVE;
				GCC_WARN_UNUSED_FUNCTION = YES;
				GCC_WARN_UNUSED_VARIABLE = YES;
				IPHONEOS_DEPLOYMENT_TARGET = 13.0;
				MTL_ENABLE_DEBUG_INFO = NO;
				MTL_FAST_MATH = YES;
				SDKROOT = iphoneos;
				SWIFT_COMPILATION_MODE = wholemodule;
				SWIFT_OPTIMIZATION_LEVEL = "-O";
				VALIDATE_PRODUCT = YES;
			};
			name = Release;
		};
		EA5B0C08251055B300B1E910 /* Debug */ = {
			isa = XCBuildConfiguration;
			buildSettings = {
				ASSETCATALOG_COMPILER_APPICON_NAME = AppIcon;
				CODE_SIGN_STYLE = Automatic;
				CURRENT_PROJECT_VERSION = 4;
				DEVELOPMENT_TEAM = LZ8V996BTJ;
				INFOPLIST_FILE = PocketPlanetARium/Info.plist;
				LD_RUNPATH_SEARCH_PATHS = (
					"$(inherited)",
					"@executable_path/Frameworks",
				);
				MARKETING_VERSION = 1.2;
				PRODUCT_BUNDLE_IDENTIFIER = "com.fiveplay-apps.PocketPlanetARium";
				PRODUCT_NAME = "$(TARGET_NAME)";
				SWIFT_VERSION = 5.0;
				TARGETED_DEVICE_FAMILY = 1;
			};
			name = Debug;
		};
		EA5B0C09251055B300B1E910 /* Release */ = {
			isa = XCBuildConfiguration;
			buildSettings = {
				ASSETCATALOG_COMPILER_APPICON_NAME = AppIcon;
				CODE_SIGN_STYLE = Automatic;
				CURRENT_PROJECT_VERSION = 4;
				DEVELOPMENT_TEAM = LZ8V996BTJ;
				INFOPLIST_FILE = PocketPlanetARium/Info.plist;
				LD_RUNPATH_SEARCH_PATHS = (
					"$(inherited)",
					"@executable_path/Frameworks",
				);
				MARKETING_VERSION = 1.2;
				PRODUCT_BUNDLE_IDENTIFIER = "com.fiveplay-apps.PocketPlanetARium";
				PRODUCT_NAME = "$(TARGET_NAME)";
				SWIFT_VERSION = 5.0;
				TARGETED_DEVICE_FAMILY = 1;
			};
			name = Release;
		};
		EA764A6E254B76B300F1C606 /* Debug */ = {
			isa = XCBuildConfiguration;
			buildSettings = {
				BUNDLE_LOADER = "$(TEST_HOST)";
				CODE_SIGN_STYLE = Automatic;
				DEVELOPMENT_TEAM = LZ8V996BTJ;
				INFOPLIST_FILE = PocketPlanetARiumTests/Info.plist;
				IPHONEOS_DEPLOYMENT_TARGET = 14.1;
				LD_RUNPATH_SEARCH_PATHS = (
					"$(inherited)",
					"@executable_path/Frameworks",
					"@loader_path/Frameworks",
				);
				PRODUCT_BUNDLE_IDENTIFIER = "com.5play-apps.PocketPlanetARiumTests";
				PRODUCT_NAME = "$(TARGET_NAME)";
				SWIFT_VERSION = 5.0;
				TARGETED_DEVICE_FAMILY = "1,2";
				TEST_HOST = "$(BUILT_PRODUCTS_DIR)/PocketPlanetARium.app/PocketPlanetARium";
			};
			name = Debug;
		};
		EA764A6F254B76B300F1C606 /* Release */ = {
			isa = XCBuildConfiguration;
			buildSettings = {
				BUNDLE_LOADER = "$(TEST_HOST)";
				CODE_SIGN_STYLE = Automatic;
				DEVELOPMENT_TEAM = LZ8V996BTJ;
				INFOPLIST_FILE = PocketPlanetARiumTests/Info.plist;
				IPHONEOS_DEPLOYMENT_TARGET = 14.1;
				LD_RUNPATH_SEARCH_PATHS = (
					"$(inherited)",
					"@executable_path/Frameworks",
					"@loader_path/Frameworks",
				);
				PRODUCT_BUNDLE_IDENTIFIER = "com.5play-apps.PocketPlanetARiumTests";
				PRODUCT_NAME = "$(TARGET_NAME)";
				SWIFT_VERSION = 5.0;
				TARGETED_DEVICE_FAMILY = "1,2";
				TEST_HOST = "$(BUILT_PRODUCTS_DIR)/PocketPlanetARium.app/PocketPlanetARium";
			};
			name = Release;
		};
/* End XCBuildConfiguration section */

/* Begin XCConfigurationList section */
		EA5B0BEE251055B300B1E910 /* Build configuration list for PBXProject "PocketPlanetARium" */ = {
			isa = XCConfigurationList;
			buildConfigurations = (
				EA5B0C05251055B300B1E910 /* Debug */,
				EA5B0C06251055B300B1E910 /* Release */,
			);
			defaultConfigurationIsVisible = 0;
			defaultConfigurationName = Release;
		};
		EA5B0C07251055B300B1E910 /* Build configuration list for PBXNativeTarget "PocketPlanetARium" */ = {
			isa = XCConfigurationList;
			buildConfigurations = (
				EA5B0C08251055B300B1E910 /* Debug */,
				EA5B0C09251055B300B1E910 /* Release */,
			);
			defaultConfigurationIsVisible = 0;
			defaultConfigurationName = Release;
		};
		EA764A70254B76B300F1C606 /* Build configuration list for PBXNativeTarget "PocketPlanetARiumTests" */ = {
			isa = XCConfigurationList;
			buildConfigurations = (
				EA764A6E254B76B300F1C606 /* Debug */,
				EA764A6F254B76B300F1C606 /* Release */,
			);
			defaultConfigurationIsVisible = 0;
			defaultConfigurationName = Release;
		};
/* End XCConfigurationList section */
	};
	rootObject = EA5B0BEB251055B300B1E910 /* Project object */;
}
