// !$*UTF8*$!
{
	archiveVersion = 1;
	classes = {
	};
	objectVersion = 50;
	objects = {

/* Begin PBXBuildFile section */
		EA2BCCA425180317007A13F5 /* Constants.swift in Sources */ = {isa = PBXBuildFile; fileRef = EA2BCCA325180317007A13F5 /* Constants.swift */; };
		EA40E9B0252ADFFF00726425 /* PlanetDetails.swift in Sources */ = {isa = PBXBuildFile; fileRef = EA40E9AF252ADFFF00726425 /* PlanetDetails.swift */; };
		EA43CB55252669D300102879 /* SettingsView.swift in Sources */ = {isa = PBXBuildFile; fileRef = EA43CB54252669D300102879 /* SettingsView.swift */; };
		EA57EA7325281F0D00FC2323 /* PlanetPeekView.swift in Sources */ = {isa = PBXBuildFile; fileRef = EA57EA7225281F0D00FC2323 /* PlanetPeekView.swift */; };
		EA58D013251F3D79007A8DB5 /* PlanetDetailsController.swift in Sources */ = {isa = PBXBuildFile; fileRef = EA58D012251F3D79007A8DB5 /* PlanetDetailsController.swift */; };
		EA5B0BF7251055B300B1E910 /* AppDelegate.swift in Sources */ = {isa = PBXBuildFile; fileRef = EA5B0BF6251055B300B1E910 /* AppDelegate.swift */; };
		EA5B0BF9251055B300B1E910 /* art.scnassets in Resources */ = {isa = PBXBuildFile; fileRef = EA5B0BF8251055B300B1E910 /* art.scnassets */; };
		EA5B0BFB251055B300B1E910 /* PlanetARiumController.swift in Sources */ = {isa = PBXBuildFile; fileRef = EA5B0BFA251055B300B1E910 /* PlanetARiumController.swift */; };
		EA5B0BFE251055B300B1E910 /* Main.storyboard in Resources */ = {isa = PBXBuildFile; fileRef = EA5B0BFC251055B300B1E910 /* Main.storyboard */; };
		EA5B0C00251055B300B1E910 /* Assets.xcassets in Resources */ = {isa = PBXBuildFile; fileRef = EA5B0BFF251055B300B1E910 /* Assets.xcassets */; };
		EA5B0C03251055B300B1E910 /* LaunchScreen.storyboard in Resources */ = {isa = PBXBuildFile; fileRef = EA5B0C01251055B300B1E910 /* LaunchScreen.storyboard */; };
		EA5B0C0B2510677E00B1E910 /* Planet.swift in Sources */ = {isa = PBXBuildFile; fileRef = EA5B0C0A2510677E00B1E910 /* Planet.swift */; };
		EA89D9D7251D621D002B82F3 /* SunParticles.scn in Resources */ = {isa = PBXBuildFile; fileRef = EA89D9D6251D621D002B82F3 /* SunParticles.scn */; };
		EAC1F4D025149BD30097521A /* PlanetARium.swift in Sources */ = {isa = PBXBuildFile; fileRef = EAC1F4CF25149BD30097521A /* PlanetARium.swift */; };
		EAF7BEA925203CAE00C0D1A6 /* PlanetGroup.swift in Sources */ = {isa = PBXBuildFile; fileRef = EAF7BEA825203CAE00C0D1A6 /* PlanetGroup.swift */; };
/* End PBXBuildFile section */

/* Begin PBXFileReference section */
		EA2BCCA325180317007A13F5 /* Constants.swift */ = {isa = PBXFileReference; lastKnownFileType = sourcecode.swift; path = Constants.swift; sourceTree = "<group>"; };
		EA40E9AF252ADFFF00726425 /* PlanetDetails.swift */ = {isa = PBXFileReference; lastKnownFileType = sourcecode.swift; path = PlanetDetails.swift; sourceTree = "<group>"; };
		EA43CB54252669D300102879 /* SettingsView.swift */ = {isa = PBXFileReference; lastKnownFileType = sourcecode.swift; path = SettingsView.swift; sourceTree = "<group>"; };
		EA57EA7225281F0D00FC2323 /* PlanetPeekView.swift */ = {isa = PBXFileReference; lastKnownFileType = sourcecode.swift; path = PlanetPeekView.swift; sourceTree = "<group>"; };
		EA58D012251F3D79007A8DB5 /* PlanetDetailsController.swift */ = {isa = PBXFileReference; lastKnownFileType = sourcecode.swift; path = PlanetDetailsController.swift; sourceTree = "<group>"; };
		EA5B0BF3251055B300B1E910 /* PocketPlanetARium.app */ = {isa = PBXFileReference; explicitFileType = wrapper.application; includeInIndex = 0; path = PocketPlanetARium.app; sourceTree = BUILT_PRODUCTS_DIR; };
		EA5B0BF6251055B300B1E910 /* AppDelegate.swift */ = {isa = PBXFileReference; lastKnownFileType = sourcecode.swift; path = AppDelegate.swift; sourceTree = "<group>"; };
		EA5B0BF8251055B300B1E910 /* art.scnassets */ = {isa = PBXFileReference; lastKnownFileType = wrapper.scnassets; path = art.scnassets; sourceTree = "<group>"; };
		EA5B0BFA251055B300B1E910 /* PlanetARiumController.swift */ = {isa = PBXFileReference; lastKnownFileType = sourcecode.swift; path = PlanetARiumController.swift; sourceTree = "<group>"; };
		EA5B0BFD251055B300B1E910 /* Base */ = {isa = PBXFileReference; lastKnownFileType = file.storyboard; name = Base; path = Base.lproj/Main.storyboard; sourceTree = "<group>"; };
		EA5B0BFF251055B300B1E910 /* Assets.xcassets */ = {isa = PBXFileReference; lastKnownFileType = folder.assetcatalog; path = Assets.xcassets; sourceTree = "<group>"; };
		EA5B0C02251055B300B1E910 /* Base */ = {isa = PBXFileReference; lastKnownFileType = file.storyboard; name = Base; path = Base.lproj/LaunchScreen.storyboard; sourceTree = "<group>"; };
		EA5B0C04251055B300B1E910 /* Info.plist */ = {isa = PBXFileReference; lastKnownFileType = text.plist.xml; path = Info.plist; sourceTree = "<group>"; };
		EA5B0C0A2510677E00B1E910 /* Planet.swift */ = {isa = PBXFileReference; lastKnownFileType = sourcecode.swift; path = Planet.swift; sourceTree = "<group>"; };
		EA89D9D6251D621D002B82F3 /* SunParticles.scn */ = {isa = PBXFileReference; lastKnownFileType = file.bplist; path = SunParticles.scn; sourceTree = "<group>"; };
		EAC1F4CF25149BD30097521A /* PlanetARium.swift */ = {isa = PBXFileReference; lastKnownFileType = sourcecode.swift; path = PlanetARium.swift; sourceTree = "<group>"; };
		EAF7BEA825203CAE00C0D1A6 /* PlanetGroup.swift */ = {isa = PBXFileReference; lastKnownFileType = sourcecode.swift; path = PlanetGroup.swift; sourceTree = "<group>"; };
/* End PBXFileReference section */

/* Begin PBXFrameworksBuildPhase section */
		EA5B0BF0251055B300B1E910 /* Frameworks */ = {
			isa = PBXFrameworksBuildPhase;
			buildActionMask = 2147483647;
			files = (
			);
			runOnlyForDeploymentPostprocessing = 0;
		};
/* End PBXFrameworksBuildPhase section */

/* Begin PBXGroup section */
		EA5B0BEA251055B300B1E910 = {
			isa = PBXGroup;
			children = (
				EA5B0BF5251055B300B1E910 /* PocketPlanetARium */,
				EA5B0BF4251055B300B1E910 /* Products */,
			);
			sourceTree = "<group>";
		};
		EA5B0BF4251055B300B1E910 /* Products */ = {
			isa = PBXGroup;
			children = (
				EA5B0BF3251055B300B1E910 /* PocketPlanetARium.app */,
			);
			name = Products;
			sourceTree = "<group>";
		};
		EA5B0BF5251055B300B1E910 /* PocketPlanetARium */ = {
			isa = PBXGroup;
			children = (
				EA5B0BF6251055B300B1E910 /* AppDelegate.swift */,
				EAC1F4CE251320030097521A /* Models */,
				EAC1F4CC25131FF40097521A /* Controllers */,
				EAC1F4CD25131FFE0097521A /* Views */,
				EA5B0BFF251055B300B1E910 /* Assets.xcassets */,
				EA5B0BF8251055B300B1E910 /* art.scnassets */,
				EA5B0C01251055B300B1E910 /* LaunchScreen.storyboard */,
				EA5B0C04251055B300B1E910 /* Info.plist */,
			);
			path = PocketPlanetARium;
			sourceTree = "<group>";
		};
		EAC1F4CC25131FF40097521A /* Controllers */ = {
			isa = PBXGroup;
			children = (
				EA5B0BFA251055B300B1E910 /* PlanetARiumController.swift */,
				EA58D012251F3D79007A8DB5 /* PlanetDetailsController.swift */,
			);
			path = Controllers;
			sourceTree = "<group>";
		};
		EAC1F4CD25131FFE0097521A /* Views */ = {
			isa = PBXGroup;
			children = (
				EA5B0BFC251055B300B1E910 /* Main.storyboard */,
				EA43CB54252669D300102879 /* SettingsView.swift */,
				EA57EA7225281F0D00FC2323 /* PlanetPeekView.swift */,
			);
			path = Views;
			sourceTree = "<group>";
		};
		EAC1F4CE251320030097521A /* Models */ = {
			isa = PBXGroup;
			children = (
				EA2BCCA325180317007A13F5 /* Constants.swift */,
				EA5B0C0A2510677E00B1E910 /* Planet.swift */,
				EA40E9AF252ADFFF00726425 /* PlanetDetails.swift */,
				EAF7BEA825203CAE00C0D1A6 /* PlanetGroup.swift */,
				EAC1F4CF25149BD30097521A /* PlanetARium.swift */,
				EA89D9D6251D621D002B82F3 /* SunParticles.scn */,
			);
			path = Models;
			sourceTree = "<group>";
		};
/* End PBXGroup section */

/* Begin PBXNativeTarget section */
		EA5B0BF2251055B300B1E910 /* PocketPlanetARium */ = {
			isa = PBXNativeTarget;
			buildConfigurationList = EA5B0C07251055B300B1E910 /* Build configuration list for PBXNativeTarget "PocketPlanetARium" */;
			buildPhases = (
				EA5B0BEF251055B300B1E910 /* Sources */,
				EA5B0BF0251055B300B1E910 /* Frameworks */,
				EA5B0BF1251055B300B1E910 /* Resources */,
			);
			buildRules = (
			);
			dependencies = (
			);
			name = PocketPlanetARium;
			productName = ARDicee2;
			productReference = EA5B0BF3251055B300B1E910 /* PocketPlanetARium.app */;
			productType = "com.apple.product-type.application";
		};
/* End PBXNativeTarget section */

/* Begin PBXProject section */
		EA5B0BEB251055B300B1E910 /* Project object */ = {
			isa = PBXProject;
			attributes = {
				LastSwiftUpdateCheck = 1170;
				LastUpgradeCheck = 1200;
				ORGANIZATIONNAME = "Eddie Char";
				TargetAttributes = {
					EA5B0BF2251055B300B1E910 = {
						CreatedOnToolsVersion = 11.7;
					};
				};
			};
			buildConfigurationList = EA5B0BEE251055B300B1E910 /* Build configuration list for PBXProject "PocketPlanetARium" */;
			compatibilityVersion = "Xcode 9.3";
			developmentRegion = en;
			hasScannedForEncodings = 0;
			knownRegions = (
				en,
				Base,
			);
			mainGroup = EA5B0BEA251055B300B1E910;
			productRefGroup = EA5B0BF4251055B300B1E910 /* Products */;
			projectDirPath = "";
			projectRoot = "";
			targets = (
				EA5B0BF2251055B300B1E910 /* PocketPlanetARium */,
			);
		};
/* End PBXProject section */

/* Begin PBXResourcesBuildPhase section */
		EA5B0BF1251055B300B1E910 /* Resources */ = {
			isa = PBXResourcesBuildPhase;
			buildActionMask = 2147483647;
			files = (
				EA89D9D7251D621D002B82F3 /* SunParticles.scn in Resources */,
				EA5B0BF9251055B300B1E910 /* art.scnassets in Resources */,
				EA5B0C03251055B300B1E910 /* LaunchScreen.storyboard in Resources */,
				EA5B0C00251055B300B1E910 /* Assets.xcassets in Resources */,
				EA5B0BFE251055B300B1E910 /* Main.storyboard in Resources */,
			);
			runOnlyForDeploymentPostprocessing = 0;
		};
/* End PBXResourcesBuildPhase section */

/* Begin PBXSourcesBuildPhase section */
		EA5B0BEF251055B300B1E910 /* Sources */ = {
			isa = PBXSourcesBuildPhase;
			buildActionMask = 2147483647;
			files = (
				EA2BCCA425180317007A13F5 /* Constants.swift in Sources */,
				EA5B0C0B2510677E00B1E910 /* Planet.swift in Sources */,
				EA5B0BFB251055B300B1E910 /* PlanetARiumController.swift in Sources */,
				EA57EA7325281F0D00FC2323 /* PlanetPeekView.swift in Sources */,
				EA58D013251F3D79007A8DB5 /* PlanetDetailsController.swift in Sources */,
				EAF7BEA925203CAE00C0D1A6 /* PlanetGroup.swift in Sources */,
				EA40E9B0252ADFFF00726425 /* PlanetDetails.swift in Sources */,
				EA43CB55252669D300102879 /* SettingsView.swift in Sources */,
				EAC1F4D025149BD30097521A /* PlanetARium.swift in Sources */,
				EA5B0BF7251055B300B1E910 /* AppDelegate.swift in Sources */,
			);
			runOnlyForDeploymentPostprocessing = 0;
		};
/* End PBXSourcesBuildPhase section */

/* Begin PBXVariantGroup section */
		EA5B0BFC251055B300B1E910 /* Main.storyboard */ = {
			isa = PBXVariantGroup;
			children = (
				EA5B0BFD251055B300B1E910 /* Base */,
			);
			name = Main.storyboard;
			sourceTree = "<group>";
		};
		EA5B0C01251055B300B1E910 /* LaunchScreen.storyboard */ = {
			isa = PBXVariantGroup;
			children = (
				EA5B0C02251055B300B1E910 /* Base */,
			);
			name = LaunchScreen.storyboard;
			sourceTree = "<group>";
		};
/* End PBXVariantGroup section */

/* Begin XCBuildConfiguration section */
		EA5B0C05251055B300B1E910 /* Debug */ = {
			isa = XCBuildConfiguration;
			buildSettings = {
				ALWAYS_SEARCH_USER_PATHS = NO;
				CLANG_ANALYZER_NONNULL = YES;
				CLANG_ANALYZER_NUMBER_OBJECT_CONVERSION = YES_AGGRESSIVE;
				CLANG_CXX_LANGUAGE_STANDARD = "gnu++14";
				CLANG_CXX_LIBRARY = "libc++";
				CLANG_ENABLE_MODULES = YES;
				CLANG_ENABLE_OBJC_ARC = YES;
				CLANG_ENABLE_OBJC_WEAK = YES;
				CLANG_WARN_BLOCK_CAPTURE_AUTORELEASING = YES;
				CLANG_WARN_BOOL_CONVERSION = YES;
				CLANG_WARN_COMMA = YES;
				CLANG_WARN_CONSTANT_CONVERSION = YES;
				CLANG_WARN_DEPRECATED_OBJC_IMPLEMENTATIONS = YES;
				CLANG_WARN_DIRECT_OBJC_ISA_USAGE = YES_ERROR;
				CLANG_WARN_DOCUMENTATION_COMMENTS = YES;
				CLANG_WARN_EMPTY_BODY = YES;
				CLANG_WARN_ENUM_CONVERSION = YES;
				CLANG_WARN_INFINITE_RECURSION = YES;
				CLANG_WARN_INT_CONVERSION = YES;
				CLANG_WARN_NON_LITERAL_NULL_CONVERSION = YES;
				CLANG_WARN_OBJC_IMPLICIT_RETAIN_SELF = YES;
				CLANG_WARN_OBJC_LITERAL_CONVERSION = YES;
				CLANG_WARN_OBJC_ROOT_CLASS = YES_ERROR;
				CLANG_WARN_QUOTED_INCLUDE_IN_FRAMEWORK_HEADER = YES;
				CLANG_WARN_RANGE_LOOP_ANALYSIS = YES;
				CLANG_WARN_STRICT_PROTOTYPES = YES;
				CLANG_WARN_SUSPICIOUS_MOVE = YES;
				CLANG_WARN_UNGUARDED_AVAILABILITY = YES_AGGRESSIVE;
				CLANG_WARN_UNREACHABLE_CODE = YES;
				CLANG_WARN__DUPLICATE_METHOD_MATCH = YES;
				COPY_PHASE_STRIP = NO;
				DEBUG_INFORMATION_FORMAT = dwarf;
				ENABLE_STRICT_OBJC_MSGSEND = YES;
				ENABLE_TESTABILITY = YES;
				GCC_C_LANGUAGE_STANDARD = gnu11;
				GCC_DYNAMIC_NO_PIC = NO;
				GCC_NO_COMMON_BLOCKS = YES;
				GCC_OPTIMIZATION_LEVEL = 0;
				GCC_PREPROCESSOR_DEFINITIONS = (
					"DEBUG=1",
					"$(inherited)",
				);
				GCC_WARN_64_TO_32_BIT_CONVERSION = YES;
				GCC_WARN_ABOUT_RETURN_TYPE = YES_ERROR;
				GCC_WARN_UNDECLARED_SELECTOR = YES;
				GCC_WARN_UNINITIALIZED_AUTOS = YES_AGGRESSIVE;
				GCC_WARN_UNUSED_FUNCTION = YES;
				GCC_WARN_UNUSED_VARIABLE = YES;
				IPHONEOS_DEPLOYMENT_TARGET = 14.0;
				MTL_ENABLE_DEBUG_INFO = INCLUDE_SOURCE;
				MTL_FAST_MATH = YES;
				ONLY_ACTIVE_ARCH = YES;
				SDKROOT = iphoneos;
				SWIFT_ACTIVE_COMPILATION_CONDITIONS = DEBUG;
				SWIFT_OPTIMIZATION_LEVEL = "-Onone";
			};
			name = Debug;
		};
		EA5B0C06251055B300B1E910 /* Release */ = {
			isa = XCBuildConfiguration;
			buildSettings = {
				ALWAYS_SEARCH_USER_PATHS = NO;
				CLANG_ANALYZER_NONNULL = YES;
				CLANG_ANALYZER_NUMBER_OBJECT_CONVERSION = YES_AGGRESSIVE;
				CLANG_CXX_LANGUAGE_STANDARD = "gnu++14";
				CLANG_CXX_LIBRARY = "libc++";
				CLANG_ENABLE_MODULES = YES;
				CLANG_ENABLE_OBJC_ARC = YES;
				CLANG_ENABLE_OBJC_WEAK = YES;
				CLANG_WARN_BLOCK_CAPTURE_AUTORELEASING = YES;
				CLANG_WARN_BOOL_CONVERSION = YES;
				CLANG_WARN_COMMA = YES;
				CLANG_WARN_CONSTANT_CONVERSION = YES;
				CLANG_WARN_DEPRECATED_OBJC_IMPLEMENTATIONS = YES;
				CLANG_WARN_DIRECT_OBJC_ISA_USAGE = YES_ERROR;
				CLANG_WARN_DOCUMENTATION_COMMENTS = YES;
				CLANG_WARN_EMPTY_BODY = YES;
				CLANG_WARN_ENUM_CONVERSION = YES;
				CLANG_WARN_INFINITE_RECURSION = YES;
				CLANG_WARN_INT_CONVERSION = YES;
				CLANG_WARN_NON_LITERAL_NULL_CONVERSION = YES;
				CLANG_WARN_OBJC_IMPLICIT_RETAIN_SELF = YES;
				CLANG_WARN_OBJC_LITERAL_CONVERSION = YES;
				CLANG_WARN_OBJC_ROOT_CLASS = YES_ERROR;
				CLANG_WARN_QUOTED_INCLUDE_IN_FRAMEWORK_HEADER = YES;
				CLANG_WARN_RANGE_LOOP_ANALYSIS = YES;
				CLANG_WARN_STRICT_PROTOTYPES = YES;
				CLANG_WARN_SUSPICIOUS_MOVE = YES;
				CLANG_WARN_UNGUARDED_AVAILABILITY = YES_AGGRESSIVE;
				CLANG_WARN_UNREACHABLE_CODE = YES;
				CLANG_WARN__DUPLICATE_METHOD_MATCH = YES;
				COPY_PHASE_STRIP = NO;
				DEBUG_INFORMATION_FORMAT = "dwarf-with-dsym";
				ENABLE_NS_ASSERTIONS = NO;
				ENABLE_STRICT_OBJC_MSGSEND = YES;
				GCC_C_LANGUAGE_STANDARD = gnu11;
				GCC_NO_COMMON_BLOCKS = YES;
				GCC_WARN_64_TO_32_BIT_CONVERSION = YES;
				GCC_WARN_ABOUT_RETURN_TYPE = YES_ERROR;
				GCC_WARN_UNDECLARED_SELECTOR = YES;
				GCC_WARN_UNINITIALIZED_AUTOS = YES_AGGRESSIVE;
				GCC_WARN_UNUSED_FUNCTION = YES;
				GCC_WARN_UNUSED_VARIABLE = YES;
				IPHONEOS_DEPLOYMENT_TARGET = 14.0;
				MTL_ENABLE_DEBUG_INFO = NO;
				MTL_FAST_MATH = YES;
				SDKROOT = iphoneos;
				SWIFT_COMPILATION_MODE = wholemodule;
				SWIFT_OPTIMIZATION_LEVEL = "-O";
				VALIDATE_PRODUCT = YES;
			};
			name = Release;
		};
		EA5B0C08251055B300B1E910 /* Debug */ = {
			isa = XCBuildConfiguration;
			buildSettings = {
				ASSETCATALOG_COMPILER_APPICON_NAME = AppIcon;
				CODE_SIGN_STYLE = Automatic;
				DEVELOPMENT_TEAM = LZ8V996BTJ;
				INFOPLIST_FILE = PocketPlanetARium/Info.plist;
				LD_RUNPATH_SEARCH_PATHS = (
					"$(inherited)",
					"@executable_path/Frameworks",
				);
				PRODUCT_BUNDLE_IDENTIFIER = "com.fiveplay-apps.PocketPlanetARium";
				PRODUCT_NAME = "$(TARGET_NAME)";
				SWIFT_VERSION = 5.0;
				TARGETED_DEVICE_FAMILY = "1,2";
			};
			name = Debug;
		};
		EA5B0C09251055B300B1E910 /* Release */ = {
			isa = XCBuildConfiguration;
			buildSettings = {
				ASSETCATALOG_COMPILER_APPICON_NAME = AppIcon;
				CODE_SIGN_STYLE = Automatic;
				DEVELOPMENT_TEAM = LZ8V996BTJ;
				INFOPLIST_FILE = PocketPlanetARium/Info.plist;
				LD_RUNPATH_SEARCH_PATHS = (
					"$(inherited)",
					"@executable_path/Frameworks",
				);
				PRODUCT_BUNDLE_IDENTIFIER = "com.fiveplay-apps.PocketPlanetARium";
				PRODUCT_NAME = "$(TARGET_NAME)";
				SWIFT_VERSION = 5.0;
				TARGETED_DEVICE_FAMILY = "1,2";
			};
			name = Release;
		};
/* End XCBuildConfiguration section */

/* Begin XCConfigurationList section */
		EA5B0BEE251055B300B1E910 /* Build configuration list for PBXProject "PocketPlanetARium" */ = {
			isa = XCConfigurationList;
			buildConfigurations = (
				EA5B0C05251055B300B1E910 /* Debug */,
				EA5B0C06251055B300B1E910 /* Release */,
			);
			defaultConfigurationIsVisible = 0;
			defaultConfigurationName = Release;
		};
		EA5B0C07251055B300B1E910 /* Build configuration list for PBXNativeTarget "PocketPlanetARium" */ = {
			isa = XCConfigurationList;
			buildConfigurations = (
				EA5B0C08251055B300B1E910 /* Debug */,
				EA5B0C09251055B300B1E910 /* Release */,
			);
			defaultConfigurationIsVisible = 0;
			defaultConfigurationName = Release;
		};
/* End XCConfigurationList section */
	};
	rootObject = EA5B0BEB251055B300B1E910 /* Project object */;
}
